PODS:
  - Masonry (1.1.0)
  - MFMovieKit (0.1.1)
  - Toast (4.0.0)
  - TZImagePickerController (3.2.8)

DEPENDENCIES:
  - Masonry
  - MFMovieKit
  - Toast (~> 4.0.0)
  - TZImagePickerController

SPEC REPOS:
  trunk:
    - Masonry
    - MFMovieKit
    - Toast
    - TZImagePickerController

SPEC CHECKSUMS:
  Masonry: 678fab65091a9290e40e2832a55e7ab731aad201
  MFMovieKit: 92318dc0ebc41c7ed6fde7e619f07940a79f5955
  Toast: 91b396c56ee72a5790816f40d3a94dd357abc196
  TZImagePickerController: 4b0a5d3abe6351b6c9ec52c7be0fa9a5bbca23f6

PODFILE CHECKSUM: 838249e01e0f412ce04f0bad2ab2650d3d87a9c7

COCOAPODS: 1.8.4
